// !$*UTF8*$!
{
	archiveVersion = 1;
	classes = {
	};
	objectVersion = 46;
	objects = {

/* Begin PBXBuildFile section */
		623A465218A14E1100FB5BF9 /* Foundation.framework in Frameworks */ = {isa = PBXBuildFile; fileRef = 623A465118A14E1100FB5BF9 /* Foundation.framework */; };
		623A465418A14E1100FB5BF9 /* CoreGraphics.framework in Frameworks */ = {isa = PBXBuildFile; fileRef = 623A465318A14E1100FB5BF9 /* CoreGraphics.framework */; };
		623A465618A14E1100FB5BF9 /* UIKit.framework in Frameworks */ = {isa = PBXBuildFile; fileRef = 623A465518A14E1100FB5BF9 /* UIKit.framework */; };
		623A465C18A14E1100FB5BF9 /* InfoPlist.strings in Resources */ = {isa = PBXBuildFile; fileRef = 623A465A18A14E1100FB5BF9 /* InfoPlist.strings */; };
		623A465E18A14E1100FB5BF9 /* main.m in Sources */ = {isa = PBXBuildFile; fileRef = 623A465D18A14E1100FB5BF9 /* main.m */; };
		623A466218A14E1100FB5BF9 /* SCSAppDelegate.m in Sources */ = {isa = PBXBuildFile; fileRef = 623A466118A14E1100FB5BF9 /* SCSAppDelegate.m */; };
		623A466518A14E1100FB5BF9 /* Main.storyboard in Resources */ = {isa = PBXBuildFile; fileRef = 623A466318A14E1100FB5BF9 /* Main.storyboard */; };
		623A466818A14E1100FB5BF9 /* SCSViewController.m in Sources */ = {isa = PBXBuildFile; fileRef = 623A466718A14E1100FB5BF9 /* SCSViewController.m */; };
		623A466A18A14E1100FB5BF9 /* Images.xcassets in Resources */ = {isa = PBXBuildFile; fileRef = 623A466918A14E1100FB5BF9 /* Images.xcassets */; };
		623A467118A14E1100FB5BF9 /* XCTest.framework in Frameworks */ = {isa = PBXBuildFile; fileRef = 623A467018A14E1100FB5BF9 /* XCTest.framework */; };
		623A467218A14E1100FB5BF9 /* Foundation.framework in Frameworks */ = {isa = PBXBuildFile; fileRef = 623A465118A14E1100FB5BF9 /* Foundation.framework */; };
		623A467318A14E1100FB5BF9 /* UIKit.framework in Frameworks */ = {isa = PBXBuildFile; fileRef = 623A465518A14E1100FB5BF9 /* UIKit.framework */; };
		623A467B18A14E1100FB5BF9 /* InfoPlist.strings in Resources */ = {isa = PBXBuildFile; fileRef = 623A467918A14E1100FB5BF9 /* InfoPlist.strings */; };
		623A467D18A14E1100FB5BF9 /* MatchMeTests.m in Sources */ = {isa = PBXBuildFile; fileRef = 623A467C18A14E1100FB5BF9 /* MatchMeTests.m */; };
/* End PBXBuildFile section */

/* Begin PBXContainerItemProxy section */
		623A467418A14E1100FB5BF9 /* PBXContainerItemProxy */ = {
			isa = PBXContainerItemProxy;
			containerPortal = 623A464618A14E1100FB5BF9 /* Project object */;
			proxyType = 1;
			remoteGlobalIDString = 623A464D18A14E1100FB5BF9;
			remoteInfo = MatchMe;
		};
/* End PBXContainerItemProxy section */

/* Begin PBXFileReference section */
		623A464E18A14E1100FB5BF9 /* MatchMe.app */ = {isa = PBXFileReference; explicitFileType = wrapper.application; includeInIndex = 0; path = MatchMe.app; sourceTree = BUILT_PRODUCTS_DIR; };
		623A465118A14E1100FB5BF9 /* Foundation.framework */ = {isa = PBXFileReference; lastKnownFileType = wrapper.framework; name = Foundation.framework; path = System/Library/Frameworks/Foundation.framework; sourceTree = SDKROOT; };
		623A465318A14E1100FB5BF9 /* CoreGraphics.framework */ = {isa = PBXFileReference; lastKnownFileType = wrapper.framework; name = CoreGraphics.framework; path = System/Library/Frameworks/CoreGraphics.framework; sourceTree = SDKROOT; };
		623A465518A14E1100FB5BF9 /* UIKit.framework */ = {isa = PBXFileReference; lastKnownFileType = wrapper.framework; name = UIKit.framework; path = System/Library/Frameworks/UIKit.framework; sourceTree = SDKROOT; };
		623A465918A14E1100FB5BF9 /* MatchMe-Info.plist */ = {isa = PBXFileReference; lastKnownFileType = text.plist.xml; path = "MatchMe-Info.plist"; sourceTree = "<group>"; };
		623A465B18A14E1100FB5BF9 /* en */ = {isa = PBXFileReference; lastKnownFileType = text.plist.strings; name = en; path = en.lproj/InfoPlist.strings; sourceTree = "<group>"; };
		623A465D18A14E1100FB5BF9 /* main.m */ = {isa = PBXFileReference; lastKnownFileType = sourcecode.c.objc; path = main.m; sourceTree = "<group>"; };
		623A465F18A14E1100FB5BF9 /* MatchMe-Prefix.pch */ = {isa = PBXFileReference; lastKnownFileType = sourcecode.c.h; path = "MatchMe-Prefix.pch"; sourceTree = "<group>"; };
		623A466018A14E1100FB5BF9 /* SCSAppDelegate.h */ = {isa = PBXFileReference; lastKnownFileType = sourcecode.c.h; path = SCSAppDelegate.h; sourceTree = "<group>"; };
		623A466118A14E1100FB5BF9 /* SCSAppDelegate.m */ = {isa = PBXFileReference; lastKnownFileType = sourcecode.c.objc; path = SCSAppDelegate.m; sourceTree = "<group>"; };
		623A466418A14E1100FB5BF9 /* Base */ = {isa = PBXFileReference; lastKnownFileType = file.storyboard; name = Base; path = Base.lproj/Main.storyboard; sourceTree = "<group>"; };
		623A466618A14E1100FB5BF9 /* SCSViewController.h */ = {isa = PBXFileReference; lastKnownFileType = sourcecode.c.h; path = SCSViewController.h; sourceTree = "<group>"; };
		623A466718A14E1100FB5BF9 /* SCSViewController.m */ = {isa = PBXFileReference; lastKnownFileType = sourcecode.c.objc; path = SCSViewController.m; sourceTree = "<group>"; };
		623A466918A14E1100FB5BF9 /* Images.xcassets */ = {isa = PBXFileReference; lastKnownFileType = folder.assetcatalog; path = Images.xcassets; sourceTree = "<group>"; };
		623A466F18A14E1100FB5BF9 /* MatchMeTests.xctest */ = {isa = PBXFileReference; explicitFileType = wrapper.cfbundle; includeInIndex = 0; path = MatchMeTests.xctest; sourceTree = BUILT_PRODUCTS_DIR; };
		623A467018A14E1100FB5BF9 /* XCTest.framework */ = {isa = PBXFileReference; lastKnownFileType = wrapper.framework; name = XCTest.framework; path = Library/Frameworks/XCTest.framework; sourceTree = DEVELOPER_DIR; };
		623A467818A14E1100FB5BF9 /* MatchMeTests-Info.plist */ = {isa = PBXFileReference; lastKnownFileType = text.plist.xml; path = "MatchMeTests-Info.plist"; sourceTree = "<group>"; };
		623A467A18A14E1100FB5BF9 /* en */ = {isa = PBXFileReference; lastKnownFileType = text.plist.strings; name = en; path = en.lproj/InfoPlist.strings; sourceTree = "<group>"; };
		623A467C18A14E1100FB5BF9 /* MatchMeTests.m */ = {isa = PBXFileReference; lastKnownFileType = sourcecode.c.objc; path = MatchMeTests.m; sourceTree = "<group>"; };
/* End PBXFileReference section */

/* Begin PBXFrameworksBuildPhase section */
		623A464B18A14E1100FB5BF9 /* Frameworks */ = {
			isa = PBXFrameworksBuildPhase;
			buildActionMask = 2147483647;
			files = (
				623A465418A14E1100FB5BF9 /* CoreGraphics.framework in Frameworks */,
				623A465618A14E1100FB5BF9 /* UIKit.framework in Frameworks */,
				623A465218A14E1100FB5BF9 /* Foundation.framework in Frameworks */,
			);
			runOnlyForDeploymentPostprocessing = 0;
		};
		623A466C18A14E1100FB5BF9 /* Frameworks */ = {
			isa = PBXFrameworksBuildPhase;
			buildActionMask = 2147483647;
			files = (
				623A467118A14E1100FB5BF9 /* XCTest.framework in Frameworks */,
				623A467318A14E1100FB5BF9 /* UIKit.framework in Frameworks */,
				623A467218A14E1100FB5BF9 /* Foundation.framework in Frameworks */,
			);
			runOnlyForDeploymentPostprocessing = 0;
		};
/* End PBXFrameworksBuildPhase section */

/* Begin PBXGroup section */
		623A464518A14E1100FB5BF9 = {
			isa = PBXGroup;
			children = (
				623A465718A14E1100FB5BF9 /* MatchMe */,
				623A467618A14E1100FB5BF9 /* MatchMeTests */,
				623A465018A14E1100FB5BF9 /* Frameworks */,
				623A464F18A14E1100FB5BF9 /* Products */,
			);
			sourceTree = "<group>";
		};
		623A464F18A14E1100FB5BF9 /* Products */ = {
			isa = PBXGroup;
			children = (
				623A464E18A14E1100FB5BF9 /* MatchMe.app */,
				623A466F18A14E1100FB5BF9 /* MatchMeTests.xctest */,
			);
			name = Products;
			sourceTree = "<group>";
		};
		623A465018A14E1100FB5BF9 /* Frameworks */ = {
			isa = PBXGroup;
			children = (
				623A465118A14E1100FB5BF9 /* Foundation.framework */,
				623A465318A14E1100FB5BF9 /* CoreGraphics.framework */,
				623A465518A14E1100FB5BF9 /* UIKit.framework */,
				623A467018A14E1100FB5BF9 /* XCTest.framework */,
			);
			name = Frameworks;
			sourceTree = "<group>";
		};
		623A465718A14E1100FB5BF9 /* MatchMe */ = {
			isa = PBXGroup;
			children = (
				623A466018A14E1100FB5BF9 /* SCSAppDelegate.h */,
				623A466118A14E1100FB5BF9 /* SCSAppDelegate.m */,
				623A466318A14E1100FB5BF9 /* Main.storyboard */,
				623A466618A14E1100FB5BF9 /* SCSViewController.h */,
				623A466718A14E1100FB5BF9 /* SCSViewController.m */,
				623A466918A14E1100FB5BF9 /* Images.xcassets */,
				623A465818A14E1100FB5BF9 /* Supporting Files */,
			);
			path = MatchMe;
			sourceTree = "<group>";
		};
		623A465818A14E1100FB5BF9 /* Supporting Files */ = {
			isa = PBXGroup;
			children = (
				623A465918A14E1100FB5BF9 /* MatchMe-Info.plist */,
				623A465A18A14E1100FB5BF9 /* InfoPlist.strings */,
				623A465D18A14E1100FB5BF9 /* main.m */,
				623A465F18A14E1100FB5BF9 /* MatchMe-Prefix.pch */,
			);
			name = "Supporting Files";
			sourceTree = "<group>";
		};
		623A467618A14E1100FB5BF9 /* MatchMeTests */ = {
			isa = PBXGroup;
			children = (
				623A467C18A14E1100FB5BF9 /* MatchMeTests.m */,
				623A467718A14E1100FB5BF9 /* Supporting Files */,
			);
			path = MatchMeTests;
			sourceTree = "<group>";
		};
		623A467718A14E1100FB5BF9 /* Supporting Files */ = {
			isa = PBXGroup;
			children = (
				623A467818A14E1100FB5BF9 /* MatchMeTests-Info.plist */,
				623A467918A14E1100FB5BF9 /* InfoPlist.strings */,
			);
			name = "Supporting Files";
			sourceTree = "<group>";
		};
/* End PBXGroup section */

/* Begin PBXNativeTarget section */
		623A464D18A14E1100FB5BF9 /* MatchMe */ = {
			isa = PBXNativeTarget;
			buildConfigurationList = 623A468018A14E1100FB5BF9 /* Build configuration list for PBXNativeTarget "MatchMe" */;
			buildPhases = (
				623A464A18A14E1100FB5BF9 /* Sources */,
				623A464B18A14E1100FB5BF9 /* Frameworks */,
				623A464C18A14E1100FB5BF9 /* Resources */,
			);
			buildRules = (
			);
			dependencies = (
			);
			name = MatchMe;
			productName = MatchMe;
			productReference = 623A464E18A14E1100FB5BF9 /* MatchMe.app */;
			productType = "com.apple.product-type.application";
		};
		623A466E18A14E1100FB5BF9 /* MatchMeTests */ = {
			isa = PBXNativeTarget;
			buildConfigurationList = 623A468318A14E1100FB5BF9 /* Build configuration list for PBXNativeTarget "MatchMeTests" */;
			buildPhases = (
				623A466B18A14E1100FB5BF9 /* Sources */,
				623A466C18A14E1100FB5BF9 /* Frameworks */,
				623A466D18A14E1100FB5BF9 /* Resources */,
			);
			buildRules = (
			);
			dependencies = (
				623A467518A14E1100FB5BF9 /* PBXTargetDependency */,
			);
			name = MatchMeTests;
			productName = MatchMeTests;
			productReference = 623A466F18A14E1100FB5BF9 /* MatchMeTests.xctest */;
			productType = "com.apple.product-type.bundle.unit-test";
		};
/* End PBXNativeTarget section */

/* Begin PBXProject section */
		623A464618A14E1100FB5BF9 /* Project object */ = {
			isa = PBXProject;
			attributes = {
				CLASSPREFIX = SCS;
				LastUpgradeCheck = 0510;
				ORGANIZATIONNAME = "CS 193P";
				TargetAttributes = {
					623A466E18A14E1100FB5BF9 = {
						TestTargetID = 623A464D18A14E1100FB5BF9;
					};
				};
			};
			buildConfigurationList = 623A464918A14E1100FB5BF9 /* Build configuration list for PBXProject "MatchMe" */;
			compatibilityVersion = "Xcode 3.2";
			developmentRegion = English;
			hasScannedForEncodings = 0;
			knownRegions = (
				en,
				Base,
			);
			mainGroup = 623A464518A14E1100FB5BF9;
			productRefGroup = 623A464F18A14E1100FB5BF9 /* Products */;
			projectDirPath = "";
			projectRoot = "";
			targets = (
				623A464D18A14E1100FB5BF9 /* MatchMe */,
				623A466E18A14E1100FB5BF9 /* MatchMeTests */,
			);
		};
/* End PBXProject section */

/* Begin PBXResourcesBuildPhase section */
		623A464C18A14E1100FB5BF9 /* Resources */ = {
			isa = PBXResourcesBuildPhase;
			buildActionMask = 2147483647;
			files = (
				623A466A18A14E1100FB5BF9 /* Images.xcassets in Resources */,
				623A465C18A14E1100FB5BF9 /* InfoPlist.strings in Resources */,
				623A466518A14E1100FB5BF9 /* Main.storyboard in Resources */,
			);
			runOnlyForDeploymentPostprocessing = 0;
		};
		623A466D18A14E1100FB5BF9 /* Resources */ = {
			isa = PBXResourcesBuildPhase;
			buildActionMask = 2147483647;
			files = (
				623A467B18A14E1100FB5BF9 /* InfoPlist.strings in Resources */,
			);
			runOnlyForDeploymentPostprocessing = 0;
		};
/* End PBXResourcesBuildPhase section */

/* Begin PBXSourcesBuildPhase section */
		623A464A18A14E1100FB5BF9 /* Sources */ = {
			isa = PBXSourcesBuildPhase;
			buildActionMask = 2147483647;
			files = (
				623A466218A14E1100FB5BF9 /* SCSAppDelegate.m in Sources */,
				623A465E18A14E1100FB5BF9 /* main.m in Sources */,
				623A466818A14E1100FB5BF9 /* SCSViewController.m in Sources */,
			);
			runOnlyForDeploymentPostprocessing = 0;
		};
		623A466B18A14E1100FB5BF9 /* Sources */ = {
			isa = PBXSourcesBuildPhase;
			buildActionMask = 2147483647;
			files = (
				623A467D18A14E1100FB5BF9 /* MatchMeTests.m in Sources */,
			);
			runOnlyForDeploymentPostprocessing = 0;
		};
/* End PBXSourcesBuildPhase section */

/* Begin PBXTargetDependency section */
		623A467518A14E1100FB5BF9 /* PBXTargetDependency */ = {
			isa = PBXTargetDependency;
			target = 623A464D18A14E1100FB5BF9 /* MatchMe */;
			targetProxy = 623A467418A14E1100FB5BF9 /* PBXContainerItemProxy */;
		};
/* End PBXTargetDependency section */

/* Begin PBXVariantGroup section */
		623A465A18A14E1100FB5BF9 /* InfoPlist.strings */ = {
			isa = PBXVariantGroup;
			children = (
				623A465B18A14E1100FB5BF9 /* en */,
			);
			name = InfoPlist.strings;
			sourceTree = "<group>";
		};
		623A466318A14E1100FB5BF9 /* Main.storyboard */ = {
			isa = PBXVariantGroup;
			children = (
				623A466418A14E1100FB5BF9 /* Base */,
			);
			name = Main.storyboard;
			sourceTree = "<group>";
		};
		623A467918A14E1100FB5BF9 /* InfoPlist.strings */ = {
			isa = PBXVariantGroup;
			children = (
				623A467A18A14E1100FB5BF9 /* en */,
			);
			name = InfoPlist.strings;
			sourceTree = "<group>";
		};
/* End PBXVariantGroup section */

/* Begin XCBuildConfiguration section */
		623A467E18A14E1100FB5BF9 /* Debug */ = {
			isa = XCBuildConfiguration;
			buildSettings = {
				ALWAYS_SEARCH_USER_PATHS = NO;
				CLANG_CXX_LANGUAGE_STANDARD = "gnu++0x";
				CLANG_CXX_LIBRARY = "libc++";
				CLANG_ENABLE_MODULES = YES;
				CLANG_ENABLE_OBJC_ARC = YES;
				CLANG_WARN_BOOL_CONVERSION = YES;
				CLANG_WARN_CONSTANT_CONVERSION = YES;
				CLANG_WARN_DIRECT_OBJC_ISA_USAGE = YES_ERROR;
				CLANG_WARN_EMPTY_BODY = YES;
				CLANG_WARN_ENUM_CONVERSION = YES;
				CLANG_WARN_INT_CONVERSION = YES;
				CLANG_WARN_OBJC_ROOT_CLASS = YES_ERROR;
				CLANG_WARN__DUPLICATE_METHOD_MATCH = YES;
				"CODE_SIGN_IDENTITY[sdk=iphoneos*]" = "iPhone Developer";
				COPY_PHASE_STRIP = NO;
				GCC_C_LANGUAGE_STANDARD = gnu99;
				GCC_DYNAMIC_NO_PIC = NO;
				GCC_OPTIMIZATION_LEVEL = 0;
				GCC_PREPROCESSOR_DEFINITIONS = (
					"DEBUG=1",
					"$(inherited)",
				);
				GCC_SYMBOLS_PRIVATE_EXTERN = NO;
				GCC_WARN_64_TO_32_BIT_CONVERSION = YES;
				GCC_WARN_ABOUT_RETURN_TYPE = YES_ERROR;
				GCC_WARN_UNDECLARED_SELECTOR = YES;
				GCC_WARN_UNINITIALIZED_AUTOS = YES_AGGRESSIVE;
				GCC_WARN_UNUSED_FUNCTION = YES;
				GCC_WARN_UNUSED_VARIABLE = YES;
				IPHONEOS_DEPLOYMENT_TARGET = 7.1;
				ONLY_ACTIVE_ARCH = YES;
				SDKROOT = iphoneos;
			};
			name = Debug;
		};
		623A467F18A14E1100FB5BF9 /* Release */ = {
			isa = XCBuildConfiguration;
			buildSettings = {
				ALWAYS_SEARCH_USER_PATHS = NO;
				CLANG_CXX_LANGUAGE_STANDARD = "gnu++0x";
				CLANG_CXX_LIBRARY = "libc++";
				CLANG_ENABLE_MODULES = YES;
				CLANG_ENABLE_OBJC_ARC = YES;
				CLANG_WARN_BOOL_CONVERSION = YES;
				CLANG_WARN_CONSTANT_CONVERSION = YES;
				CLANG_WARN_DIRECT_OBJC_ISA_USAGE = YES_ERROR;
				CLANG_WARN_EMPTY_BODY = YES;
				CLANG_WARN_ENUM_CONVERSION = YES;
				CLANG_WARN_INT_CONVERSION = YES;
				CLANG_WARN_OBJC_ROOT_CLASS = YES_ERROR;
				CLANG_WARN__DUPLICATE_METHOD_MATCH = YES;
				"CODE_SIGN_IDENTITY[sdk=iphoneos*]" = "iPhone Developer";
				COPY_PHASE_STRIP = YES;
				ENABLE_NS_ASSERTIONS = NO;
				GCC_C_LANGUAGE_STANDARD = gnu99;
				GCC_WARN_64_TO_32_BIT_CONVERSION = YES;
				GCC_WARN_ABOUT_RETURN_TYPE = YES_ERROR;
				GCC_WARN_UNDECLARED_SELECTOR = YES;
				GCC_WARN_UNINITIALIZED_AUTOS = YES_AGGRESSIVE;
				GCC_WARN_UNUSED_FUNCTION = YES;
				GCC_WARN_UNUSED_VARIABLE = YES;
				IPHONEOS_DEPLOYMENT_TARGET = 7.1;
				SDKROOT = iphoneos;
				VALIDATE_PRODUCT = YES;
			};
			name = Release;
		};
		623A468118A14E1100FB5BF9 /* Debug */ = {
			isa = XCBuildConfiguration;
			buildSettings = {
				ASSETCATALOG_COMPILER_APPICON_NAME = AppIcon;
				ASSETCATALOG_COMPILER_LAUNCHIMAGE_NAME = LaunchImage;
				GCC_PRECOMPILE_PREFIX_HEADER = YES;
				GCC_PREFIX_HEADER = "MatchMe/MatchMe-Prefix.pch";
				INFOPLIST_FILE = "MatchMe/MatchMe-Info.plist";
				PRODUCT_NAME = "$(TARGET_NAME)";
				WRAPPER_EXTENSION = app;
			};
			name = Debug;
		};
		623A468218A14E1100FB5BF9 /* Release */ = {
			isa = XCBuildConfiguration;
			buildSettings = {
				ASSETCATALOG_COMPILER_APPICON_NAME = AppIcon;
				ASSETCATALOG_COMPILER_LAUNCHIMAGE_NAME = LaunchImage;
				GCC_PRECOMPILE_PREFIX_HEADER = YES;
				GCC_PREFIX_HEADER = "MatchMe/MatchMe-Prefix.pch";
				INFOPLIST_FILE = "MatchMe/MatchMe-Info.plist";
				PRODUCT_NAME = "$(TARGET_NAME)";
				WRAPPER_EXTENSION = app;
			};
			name = Release;
		};
		623A468418A14E1100FB5BF9 /* Debug */ = {
			isa = XCBuildConfiguration;
			buildSettings = {
				BUNDLE_LOADER = "$(BUILT_PRODUCTS_DIR)/MatchMe.app/MatchMe";
				FRAMEWORK_SEARCH_PATHS = (
					"$(SDKROOT)/Developer/Library/Frameworks",
					"$(inherited)",
					"$(DEVELOPER_FRAMEWORKS_DIR)",
				);
				GCC_PRECOMPILE_PREFIX_HEADER = YES;
				GCC_PREFIX_HEADER = "MatchMe/MatchMe-Prefix.pch";
				GCC_PREPROCESSOR_DEFINITIONS = (
					"DEBUG=1",
					"$(inherited)",
				);
				INFOPLIST_FILE = "MatchMeTests/MatchMeTests-Info.plist";
				PRODUCT_NAME = "$(TARGET_NAME)";
				TEST_HOST = "$(BUNDLE_LOADER)";
				WRAPPER_EXTENSION = xctest;
			};
			name = Debug;
		};
		623A468518A14E1100FB5BF9 /* Release */ = {
			isa = XCBuildConfiguration;
			buildSettings = {
				BUNDLE_LOADER = "$(BUILT_PRODUCTS_DIR)/MatchMe.app/MatchMe";
				FRAMEWORK_SEARCH_PATHS = (
					"$(SDKROOT)/Developer/Library/Frameworks",
					"$(inherited)",
					"$(DEVELOPER_FRAMEWORKS_DIR)",
				);
				GCC_PRECOMPILE_PREFIX_HEADER = YES;
				GCC_PREFIX_HEADER = "MatchMe/MatchMe-Prefix.pch";
				INFOPLIST_FILE = "MatchMeTests/MatchMeTests-Info.plist";
				PRODUCT_NAME = "$(TARGET_NAME)";
				TEST_HOST = "$(BUNDLE_LOADER)";
				WRAPPER_EXTENSION = xctest;
			};
			name = Release;
		};
/* End XCBuildConfiguration section */

/* Begin XCConfigurationList section */
		623A464918A14E1100FB5BF9 /* Build configuration list for PBXProject "MatchMe" */ = {
			isa = XCConfigurationList;
			buildConfigurations = (
				623A467E18A14E1100FB5BF9 /* Debug */,
				623A467F18A14E1100FB5BF9 /* Release */,
			);
			defaultConfigurationIsVisible = 0;
			defaultConfigurationName = Release;
		};
		623A468018A14E1100FB5BF9 /* Build configuration list for PBXNativeTarget "MatchMe" */ = {
			isa = XCConfigurationList;
			buildConfigurations = (
				623A468118A14E1100FB5BF9 /* Debug */,
				623A468218A14E1100FB5BF9 /* Release */,
			);
			defaultConfigurationIsVisible = 0;
		};
		623A468318A14E1100FB5BF9 /* Build configuration list for PBXNativeTarget "MatchMeTests" */ = {
			isa = XCConfigurationList;
			buildConfigurations = (
				623A468418A14E1100FB5BF9 /* Debug */,
				623A468518A14E1100FB5BF9 /* Release */,
			);
			defaultConfigurationIsVisible = 0;
		};
/* End XCConfigurationList section */
	};
	rootObject = 623A464618A14E1100FB5BF9 /* Project object */;
}
